
Microsoft Visual Studio Solution File, Format Version 12.00
# Visual Studio Version 16
VisualStudioVersion = 16.0.29609.76
MinimumVisualStudioVersion = 10.0.40219.1
Project("{FAE04EC0-301F-11D3-BF4B-00C04F79EFBC}") = "ObserverPattern", "ObserverPattern.csproj", "{CC36E905-DD50-4AB9-9580-9D149FCC9F1A}"
EndProject
Global
	GlobalSection(SolutionConfigurationPlatforms) = preSolution
		Debug|Any CPU = Debug|Any CPU
		Release|Any CPU = Release|Any CPU
	EndGlobalSection
	GlobalSection(ProjectConfigurationPlatforms) = postSolution
		{CC36E905-DD50-4AB9-9580-9D149FCC9F1A}.Debug|Any CPU.ActiveCfg = Debug|Any CPU
		{CC36E905-DD50-4AB9-9580-9D149FCC9F1A}.Debug|Any CPU.Build.0 = Debug|Any CPU
		{CC36E905-DD50-4AB9-9580-9D149FCC9F1A}.Release|Any CPU.ActiveCfg = Release|Any CPU
		{CC36E905-DD50-4AB9-9580-9D149FCC9F1A}.Release|Any CPU.Build.0 = Release|Any CPU
	EndGlobalSection
	GlobalSection(SolutionProperties) = preSolution
		HideSolutionNode = FALSE
	EndGlobalSection
	GlobalSection(ExtensibilityGlobals) = postSolution
		SolutionGuid = {922D3D67-56DF-4B32-AE6B-C28FE0726784}
	EndGlobalSection
EndGlobal
